// !$*UTF8*$!
{
	archiveVersion = 1;
	classes = {
	};
	objectVersion = 56;
	objects = {

/* Begin PBXBuildFile section */
		CA9C98C929CABA85004D58A9 /* ColorView.swift in Sources */ = {isa = PBXBuildFile; fileRef = CA9C98C829CABA85004D58A9 /* ColorView.swift */; };
		CAFE11BA29A5BBE300C2BE0C /* AppDelegate.swift in Sources */ = {isa = PBXBuildFile; fileRef = CAFE11B929A5BBE300C2BE0C /* AppDelegate.swift */; };
		CAFE11BC29A5BBE300C2BE0C /* SceneDelegate.swift in Sources */ = {isa = PBXBuildFile; fileRef = CAFE11BB29A5BBE300C2BE0C /* SceneDelegate.swift */; };
		CAFE11BE29A5BBE300C2BE0C /* ViewController.swift in Sources */ = {isa = PBXBuildFile; fileRef = CAFE11BD29A5BBE300C2BE0C /* ViewController.swift */; };
		CAFE11C129A5BBE300C2BE0C /* Main.storyboard in Resources */ = {isa = PBXBuildFile; fileRef = CAFE11BF29A5BBE300C2BE0C /* Main.storyboard */; };
		CAFE11C329A5BBE300C2BE0C /* Assets.xcassets in Resources */ = {isa = PBXBuildFile; fileRef = CAFE11C229A5BBE300C2BE0C /* Assets.xcassets */; };
		CAFE11C629A5BBE300C2BE0C /* LaunchScreen.storyboard in Resources */ = {isa = PBXBuildFile; fileRef = CAFE11C429A5BBE300C2BE0C /* LaunchScreen.storyboard */; };
/* End PBXBuildFile section */

/* Begin PBXFileReference section */
		CA9C98C829CABA85004D58A9 /* ColorView.swift */ = {isa = PBXFileReference; lastKnownFileType = sourcecode.swift; path = ColorView.swift; sourceTree = "<group>"; };
		CAFE11B629A5BBE300C2BE0C /* RGB Slider2.0.app */ = {isa = PBXFileReference; explicitFileType = wrapper.application; includeInIndex = 0; path = "RGB Slider2.0.app"; sourceTree = BUILT_PRODUCTS_DIR; };
		CAFE11B929A5BBE300C2BE0C /* AppDelegate.swift */ = {isa = PBXFileReference; lastKnownFileType = sourcecode.swift; path = AppDelegate.swift; sourceTree = "<group>"; };
		CAFE11BB29A5BBE300C2BE0C /* SceneDelegate.swift */ = {isa = PBXFileReference; lastKnownFileType = sourcecode.swift; path = SceneDelegate.swift; sourceTree = "<group>"; };
		CAFE11BD29A5BBE300C2BE0C /* ViewController.swift */ = {isa = PBXFileReference; lastKnownFileType = sourcecode.swift; path = ViewController.swift; sourceTree = "<group>"; };
		CAFE11C029A5BBE300C2BE0C /* Base */ = {isa = PBXFileReference; lastKnownFileType = file.storyboard; name = Base; path = Base.lproj/Main.storyboard; sourceTree = "<group>"; };
		CAFE11C229A5BBE300C2BE0C /* Assets.xcassets */ = {isa = PBXFileReference; lastKnownFileType = folder.assetcatalog; path = Assets.xcassets; sourceTree = "<group>"; };
		CAFE11C529A5BBE300C2BE0C /* Base */ = {isa = PBXFileReference; lastKnownFileType = file.storyboard; name = Base; path = Base.lproj/LaunchScreen.storyboard; sourceTree = "<group>"; };
		CAFE11C729A5BBE300C2BE0C /* Info.plist */ = {isa = PBXFileReference; lastKnownFileType = text.plist.xml; path = Info.plist; sourceTree = "<group>"; };
/* End PBXFileReference section */

/* Begin PBXFrameworksBuildPhase section */
		CAFE11B329A5BBE300C2BE0C /* Frameworks */ = {
			isa = PBXFrameworksBuildPhase;
			buildActionMask = 2147483647;
			files = (
			);
			runOnlyForDeploymentPostprocessing = 0;
		};
/* End PBXFrameworksBuildPhase section */

/* Begin PBXGroup section */
		CA1F63D929D6E0F8000EF991 /* Supporting Files */ = {
			isa = PBXGroup;
			children = (
				CAFE11C729A5BBE300C2BE0C /* Info.plist */,
				CAFE11B929A5BBE300C2BE0C /* AppDelegate.swift */,
				CAFE11BB29A5BBE300C2BE0C /* SceneDelegate.swift */,
			);
			path = "Supporting Files";
			sourceTree = "<group>";
		};
		CA1F63DA29D6E18E000EF991 /* View Controllers */ = {
			isa = PBXGroup;
			children = (
				CA9C98C829CABA85004D58A9 /* ColorView.swift */,
				CAFE11BD29A5BBE300C2BE0C /* ViewController.swift */,
			);
			path = "View Controllers";
			sourceTree = "<group>";
		};
		CA1F63DB29D6E1A9000EF991 /* Resourses */ = {
			isa = PBXGroup;
			children = (
				CAFE11C229A5BBE300C2BE0C /* Assets.xcassets */,
			);
			path = Resourses;
			sourceTree = "<group>";
		};
		CA1F63DC29D6E1BC000EF991 /* Storyboards */ = {
			isa = PBXGroup;
			children = (
				CAFE11BF29A5BBE300C2BE0C /* Main.storyboard */,
				CAFE11C429A5BBE300C2BE0C /* LaunchScreen.storyboard */,
			);
			path = Storyboards;
			sourceTree = "<group>";
		};
		CAFE11AD29A5BBE300C2BE0C = {
			isa = PBXGroup;
			children = (
				CAFE11B829A5BBE300C2BE0C /* RGB Slider2.0 */,
				CAFE11B729A5BBE300C2BE0C /* Products */,
			);
			sourceTree = "<group>";
		};
		CAFE11B729A5BBE300C2BE0C /* Products */ = {
			isa = PBXGroup;
			children = (
				CAFE11B629A5BBE300C2BE0C /* RGB Slider2.0.app */,
			);
			name = Products;
			sourceTree = "<group>";
		};
		CAFE11B829A5BBE300C2BE0C /* RGB Slider2.0 */ = {
			isa = PBXGroup;
			children = (
				CA1F63D929D6E0F8000EF991 /* Supporting Files */,
				CA1F63DA29D6E18E000EF991 /* View Controllers */,
				CA1F63DC29D6E1BC000EF991 /* Storyboards */,
				CA1F63DB29D6E1A9000EF991 /* Resourses */,
			);
			path = "RGB Slider2.0";
			sourceTree = "<group>";
		};
/* End PBXGroup section */

/* Begin PBXNativeTarget section */
		CAFE11B529A5BBE300C2BE0C /* RGB Slider2.0 */ = {
			isa = PBXNativeTarget;
			buildConfigurationList = CAFE11CA29A5BBE300C2BE0C /* Build configuration list for PBXNativeTarget "RGB Slider2.0" */;
			buildPhases = (
				CAFE11B229A5BBE300C2BE0C /* Sources */,
				CAFE11B329A5BBE300C2BE0C /* Frameworks */,
				CAFE11B429A5BBE300C2BE0C /* Resources */,
			);
			buildRules = (
			);
			dependencies = (
			);
			name = "RGB Slider2.0";
			productName = "RGB Slider";
			productReference = CAFE11B629A5BBE300C2BE0C /* RGB Slider2.0.app */;
			productType = "com.apple.product-type.application";
		};
/* End PBXNativeTarget section */

/* Begin PBXProject section */
		CAFE11AE29A5BBE300C2BE0C /* Project object */ = {
			isa = PBXProject;
			attributes = {
				BuildIndependentTargetsInParallel = 1;
				LastSwiftUpdateCheck = 1420;
				LastUpgradeCheck = 1420;
				TargetAttributes = {
					CAFE11B529A5BBE300C2BE0C = {
						CreatedOnToolsVersion = 14.2;
					};
				};
			};
			buildConfigurationList = CAFE11B129A5BBE300C2BE0C /* Build configuration list for PBXProject "RGB Slider2.0" */;
			compatibilityVersion = "Xcode 14.0";
			developmentRegion = en;
			hasScannedForEncodings = 0;
			knownRegions = (
				en,
				Base,
			);
			mainGroup = CAFE11AD29A5BBE300C2BE0C;
			productRefGroup = CAFE11B729A5BBE300C2BE0C /* Products */;
			projectDirPath = "";
			projectRoot = "";
			targets = (
				CAFE11B529A5BBE300C2BE0C /* RGB Slider2.0 */,
			);
		};
/* End PBXProject section */

/* Begin PBXResourcesBuildPhase section */
		CAFE11B429A5BBE300C2BE0C /* Resources */ = {
			isa = PBXResourcesBuildPhase;
			buildActionMask = 2147483647;
			files = (
				CAFE11C629A5BBE300C2BE0C /* LaunchScreen.storyboard in Resources */,
				CAFE11C329A5BBE300C2BE0C /* Assets.xcassets in Resources */,
				CAFE11C129A5BBE300C2BE0C /* Main.storyboard in Resources */,
			);
			runOnlyForDeploymentPostprocessing = 0;
		};
/* End PBXResourcesBuildPhase section */

/* Begin PBXSourcesBuildPhase section */
		CAFE11B229A5BBE300C2BE0C /* Sources */ = {
			isa = PBXSourcesBuildPhase;
			buildActionMask = 2147483647;
			files = (
				CA9C98C929CABA85004D58A9 /* ColorView.swift in Sources */,
				CAFE11BE29A5BBE300C2BE0C /* ViewController.swift in Sources */,
				CAFE11BA29A5BBE300C2BE0C /* AppDelegate.swift in Sources */,
				CAFE11BC29A5BBE300C2BE0C /* SceneDelegate.swift in Sources */,
			);
			runOnlyForDeploymentPostprocessing = 0;
		};
/* End PBXSourcesBuildPhase section */

/* Begin PBXVariantGroup section */
		CAFE11BF29A5BBE300C2BE0C /* Main.storyboard */ = {
			isa = PBXVariantGroup;
			children = (
				CAFE11C029A5BBE300C2BE0C /* Base */,
			);
			name = Main.storyboard;
			sourceTree = "<group>";
		};
		CAFE11C429A5BBE300C2BE0C /* LaunchScreen.storyboard */ = {
			isa = PBXVariantGroup;
			children = (
				CAFE11C529A5BBE300C2BE0C /* Base */,
			);
			name = LaunchScreen.storyboard;
			sourceTree = "<group>";
		};
/* End PBXVariantGroup section */

/* Begin XCBuildConfiguration section */
		CAFE11C829A5BBE300C2BE0C /* Debug */ = {
			isa = XCBuildConfiguration;
			buildSettings = {
				ALWAYS_SEARCH_USER_PATHS = NO;
				CLANG_ANALYZER_NONNULL = YES;
				CLANG_ANALYZER_NUMBER_OBJECT_CONVERSION = YES_AGGRESSIVE;
				CLANG_CXX_LANGUAGE_STANDARD = "gnu++20";
				CLANG_ENABLE_MODULES = YES;
				CLANG_ENABLE_OBJC_ARC = YES;
				CLANG_ENABLE_OBJC_WEAK = YES;
				CLANG_WARN_BLOCK_CAPTURE_AUTORELEASING = YES;
				CLANG_WARN_BOOL_CONVERSION = YES;
				CLANG_WARN_COMMA = YES;
				CLANG_WARN_CONSTANT_CONVERSION = YES;
				CLANG_WARN_DEPRECATED_OBJC_IMPLEMENTATIONS = YES;
				CLANG_WARN_DIRECT_OBJC_ISA_USAGE = YES_ERROR;
				CLANG_WARN_DOCUMENTATION_COMMENTS = YES;
				CLANG_WARN_EMPTY_BODY = YES;
				CLANG_WARN_ENUM_CONVERSION = YES;
				CLANG_WARN_INFINITE_RECURSION = YES;
				CLANG_WARN_INT_CONVERSION = YES;
				CLANG_WARN_NON_LITERAL_NULL_CONVERSION = YES;
				CLANG_WARN_OBJC_IMPLICIT_RETAIN_SELF = YES;
				CLANG_WARN_OBJC_LITERAL_CONVERSION = YES;
				CLANG_WARN_OBJC_ROOT_CLASS = YES_ERROR;
				CLANG_WARN_QUOTED_INCLUDE_IN_FRAMEWORK_HEADER = YES;
				CLANG_WARN_RANGE_LOOP_ANALYSIS = YES;
				CLANG_WARN_STRICT_PROTOTYPES = YES;
				CLANG_WARN_SUSPICIOUS_MOVE = YES;
				CLANG_WARN_UNGUARDED_AVAILABILITY = YES_AGGRESSIVE;
				CLANG_WARN_UNREACHABLE_CODE = YES;
				CLANG_WARN__DUPLICATE_METHOD_MATCH = YES;
				COPY_PHASE_STRIP = NO;
				DEBUG_INFORMATION_FORMAT = dwarf;
				ENABLE_STRICT_OBJC_MSGSEND = YES;
				ENABLE_TESTABILITY = YES;
				GCC_C_LANGUAGE_STANDARD = gnu11;
				GCC_DYNAMIC_NO_PIC = NO;
				GCC_NO_COMMON_BLOCKS = YES;
				GCC_OPTIMIZATION_LEVEL = 0;
				GCC_PREPROCESSOR_DEFINITIONS = (
					"DEBUG=1",
					"$(inherited)",
				);
				GCC_WARN_64_TO_32_BIT_CONVERSION = YES;
				GCC_WARN_ABOUT_RETURN_TYPE = YES_ERROR;
				GCC_WARN_UNDECLARED_SELECTOR = YES;
				GCC_WARN_UNINITIALIZED_AUTOS = YES_AGGRESSIVE;
				GCC_WARN_UNUSED_FUNCTION = YES;
				GCC_WARN_UNUSED_VARIABLE = YES;
				IPHONEOS_DEPLOYMENT_TARGET = 16.2;
				MTL_ENABLE_DEBUG_INFO = INCLUDE_SOURCE;
				MTL_FAST_MATH = YES;
				ONLY_ACTIVE_ARCH = YES;
				SDKROOT = iphoneos;
				SWIFT_ACTIVE_COMPILATION_CONDITIONS = DEBUG;
				SWIFT_OPTIMIZATION_LEVEL = "-Onone";
			};
			name = Debug;
		};
		CAFE11C929A5BBE300C2BE0C /* Release */ = {
			isa = XCBuildConfiguration;
			buildSettings = {
				ALWAYS_SEARCH_USER_PATHS = NO;
				CLANG_ANALYZER_NONNULL = YES;
				CLANG_ANALYZER_NUMBER_OBJECT_CONVERSION = YES_AGGRESSIVE;
				CLANG_CXX_LANGUAGE_STANDARD = "gnu++20";
				CLANG_ENABLE_MODULES = YES;
				CLANG_ENABLE_OBJC_ARC = YES;
				CLANG_ENABLE_OBJC_WEAK = YES;
				CLANG_WARN_BLOCK_CAPTURE_AUTORELEASING = YES;
				CLANG_WARN_BOOL_CONVERSION = YES;
				CLANG_WARN_COMMA = YES;
				CLANG_WARN_CONSTANT_CONVERSION = YES;
				CLANG_WARN_DEPRECATED_OBJC_IMPLEMENTATIONS = YES;
				CLANG_WARN_DIRECT_OBJC_ISA_USAGE = YES_ERROR;
				CLANG_WARN_DOCUMENTATION_COMMENTS = YES;
				CLANG_WARN_EMPTY_BODY = YES;
				CLANG_WARN_ENUM_CONVERSION = YES;
				CLANG_WARN_INFINITE_RECURSION = YES;
				CLANG_WARN_INT_CONVERSION = YES;
				CLANG_WARN_NON_LITERAL_NULL_CONVERSION = YES;
				CLANG_WARN_OBJC_IMPLICIT_RETAIN_SELF = YES;
				CLANG_WARN_OBJC_LITERAL_CONVERSION = YES;
				CLANG_WARN_OBJC_ROOT_CLASS = YES_ERROR;
				CLANG_WARN_QUOTED_INCLUDE_IN_FRAMEWORK_HEADER = YES;
				CLANG_WARN_RANGE_LOOP_ANALYSIS = YES;
				CLANG_WARN_STRICT_PROTOTYPES = YES;
				CLANG_WARN_SUSPICIOUS_MOVE = YES;
				CLANG_WARN_UNGUARDED_AVAILABILITY = YES_AGGRESSIVE;
				CLANG_WARN_UNREACHABLE_CODE = YES;
				CLANG_WARN__DUPLICATE_METHOD_MATCH = YES;
				COPY_PHASE_STRIP = NO;
				DEBUG_INFORMATION_FORMAT = "dwarf-with-dsym";
				ENABLE_NS_ASSERTIONS = NO;
				ENABLE_STRICT_OBJC_MSGSEND = YES;
				GCC_C_LANGUAGE_STANDARD = gnu11;
				GCC_NO_COMMON_BLOCKS = YES;
				GCC_WARN_64_TO_32_BIT_CONVERSION = YES;
				GCC_WARN_ABOUT_RETURN_TYPE = YES_ERROR;
				GCC_WARN_UNDECLARED_SELECTOR = YES;
				GCC_WARN_UNINITIALIZED_AUTOS = YES_AGGRESSIVE;
				GCC_WARN_UNUSED_FUNCTION = YES;
				GCC_WARN_UNUSED_VARIABLE = YES;
				IPHONEOS_DEPLOYMENT_TARGET = 16.2;
				MTL_ENABLE_DEBUG_INFO = NO;
				MTL_FAST_MATH = YES;
				SDKROOT = iphoneos;
				SWIFT_COMPILATION_MODE = wholemodule;
				SWIFT_OPTIMIZATION_LEVEL = "-O";
				VALIDATE_PRODUCT = YES;
			};
			name = Release;
		};
		CAFE11CB29A5BBE300C2BE0C /* Debug */ = {
			isa = XCBuildConfiguration;
			buildSettings = {
				ASSETCATALOG_COMPILER_APPICON_NAME = AppIcon;
				ASSETCATALOG_COMPILER_GLOBAL_ACCENT_COLOR_NAME = AccentColor;
				CODE_SIGN_STYLE = Automatic;
				CURRENT_PROJECT_VERSION = 1;
				DEVELOPMENT_TEAM = ZW9W8KTK4N;
				GENERATE_INFOPLIST_FILE = YES;
				INFOPLIST_FILE = "RGB Slider2.0/Supporting Files/Info.plist";
				INFOPLIST_KEY_UIApplicationSupportsIndirectInputEvents = YES;
				INFOPLIST_KEY_UILaunchStoryboardName = LaunchScreen;
				INFOPLIST_KEY_UIMainStoryboardFile = Main;
				INFOPLIST_KEY_UISupportedInterfaceOrientations_iPad = "UIInterfaceOrientationPortrait UIInterfaceOrientationPortraitUpsideDown UIInterfaceOrientationLandscapeLeft UIInterfaceOrientationLandscapeRight";
				INFOPLIST_KEY_UISupportedInterfaceOrientations_iPhone = "UIInterfaceOrientationPortrait UIInterfaceOrientationLandscapeLeft UIInterfaceOrientationLandscapeRight";
				IPHONEOS_DEPLOYMENT_TARGET = 15.0;
				LD_RUNPATH_SEARCH_PATHS = (
					"$(inherited)",
					"@executable_path/Frameworks",
				);
				MARKETING_VERSION = 1.0;
				PRODUCT_BUNDLE_IDENTIFIER = "com.teslocorp.RGB-Slider2.0";
				PRODUCT_NAME = "$(TARGET_NAME)";
				SWIFT_EMIT_LOC_STRINGS = YES;
				SWIFT_VERSION = 5.0;
				TARGETED_DEVICE_FAMILY = "1,2";
			};
			name = Debug;
		};
		CAFE11CC29A5BBE300C2BE0C /* Release */ = {
			isa = XCBuildConfiguration;
			buildSettings = {
				ASSETCATALOG_COMPILER_APPICON_NAME = AppIcon;
				ASSETCATALOG_COMPILER_GLOBAL_ACCENT_COLOR_NAME = AccentColor;
				CODE_SIGN_STYLE = Automatic;
				CURRENT_PROJECT_VERSION = 1;
				DEVELOPMENT_TEAM = ZW9W8KTK4N;
				GENERATE_INFOPLIST_FILE = YES;
				INFOPLIST_FILE = "RGB Slider2.0/Supporting Files/Info.plist";
				INFOPLIST_KEY_UIApplicationSupportsIndirectInputEvents = YES;
				INFOPLIST_KEY_UILaunchStoryboardName = LaunchScreen;
				INFOPLIST_KEY_UIMainStoryboardFile = Main;
				INFOPLIST_KEY_UISupportedInterfaceOrientations_iPad = "UIInterfaceOrientationPortrait UIInterfaceOrientationPortraitUpsideDown UIInterfaceOrientationLandscapeLeft UIInterfaceOrientationLandscapeRight";
				INFOPLIST_KEY_UISupportedInterfaceOrientations_iPhone = "UIInterfaceOrientationPortrait UIInterfaceOrientationLandscapeLeft UIInterfaceOrientationLandscapeRight";
				IPHONEOS_DEPLOYMENT_TARGET = 15.0;
				LD_RUNPATH_SEARCH_PATHS = (
					"$(inherited)",
					"@executable_path/Frameworks",
				);
				MARKETING_VERSION = 1.0;
				PRODUCT_BUNDLE_IDENTIFIER = "com.teslocorp.RGB-Slider2.0";
				PRODUCT_NAME = "$(TARGET_NAME)";
				SWIFT_EMIT_LOC_STRINGS = YES;
				SWIFT_VERSION = 5.0;
				TARGETED_DEVICE_FAMILY = "1,2";
			};
			name = Release;
		};
/* End XCBuildConfiguration section */

/* Begin XCConfigurationList section */
		CAFE11B129A5BBE300C2BE0C /* Build configuration list for PBXProject "RGB Slider2.0" */ = {
			isa = XCConfigurationList;
			buildConfigurations = (
				CAFE11C829A5BBE300C2BE0C /* Debug */,
				CAFE11C929A5BBE300C2BE0C /* Release */,
			);
			defaultConfigurationIsVisible = 0;
			defaultConfigurationName = Release;
		};
		CAFE11CA29A5BBE300C2BE0C /* Build configuration list for PBXNativeTarget "RGB Slider2.0" */ = {
			isa = XCConfigurationList;
			buildConfigurations = (
				CAFE11CB29A5BBE300C2BE0C /* Debug */,
				CAFE11CC29A5BBE300C2BE0C /* Release */,
			);
			defaultConfigurationIsVisible = 0;
			defaultConfigurationName = Release;
		};
/* End XCConfigurationList section */
	};
	rootObject = CAFE11AE29A5BBE300C2BE0C /* Project object */;
}
